// !$*UTF8*$!
{
	archiveVersion = 1;
	classes = {
	};
	objectVersion = 50;
	objects = {

/* Begin PBXBuildFile section */
		3D3DB93120A3297700EB4204 /* AppDelegate.m in Sources */ = {isa = PBXBuildFile; fileRef = 3D3DB93020A3297700EB4204 /* AppDelegate.m */; };
		3D3DB93420A3297700EB4204 /* ViewController.m in Sources */ = {isa = PBXBuildFile; fileRef = 3D3DB93320A3297700EB4204 /* ViewController.m */; };
		3D3DB93720A3297700EB4204 /* Main.storyboard in Resources */ = {isa = PBXBuildFile; fileRef = 3D3DB93520A3297700EB4204 /* Main.storyboard */; };
		3D3DB93A20A3297700EB4204 /* FacebookLoginTest.xcdatamodeld in Sources */ = {isa = PBXBuildFile; fileRef = 3D3DB93820A3297700EB4204 /* FacebookLoginTest.xcdatamodeld */; };
		3D3DB93C20A3297A00EB4204 /* Assets.xcassets in Resources */ = {isa = PBXBuildFile; fileRef = 3D3DB93B20A3297A00EB4204 /* Assets.xcassets */; };
		3D3DB93F20A3297A00EB4204 /* LaunchScreen.storyboard in Resources */ = {isa = PBXBuildFile; fileRef = 3D3DB93D20A3297A00EB4204 /* LaunchScreen.storyboard */; };
		3D3DB94220A3297A00EB4204 /* main.m in Sources */ = {isa = PBXBuildFile; fileRef = 3D3DB94120A3297A00EB4204 /* main.m */; };
		3D3DB94C20A3297A00EB4204 /* FacebookLoginTestTests.m in Sources */ = {isa = PBXBuildFile; fileRef = 3D3DB94B20A3297A00EB4204 /* FacebookLoginTestTests.m */; };
		3D3DB95720A3297A00EB4204 /* FacebookLoginTestUITests.m in Sources */ = {isa = PBXBuildFile; fileRef = 3D3DB95620A3297A00EB4204 /* FacebookLoginTestUITests.m */; };
/* End PBXBuildFile section */

/* Begin PBXContainerItemProxy section */
		3D3DB94820A3297A00EB4204 /* PBXContainerItemProxy */ = {
			isa = PBXContainerItemProxy;
			containerPortal = 3D3DB92420A3297700EB4204 /* Project object */;
			proxyType = 1;
			remoteGlobalIDString = 3D3DB92B20A3297700EB4204;
			remoteInfo = FacebookLoginTest;
		};
		3D3DB95320A3297A00EB4204 /* PBXContainerItemProxy */ = {
			isa = PBXContainerItemProxy;
			containerPortal = 3D3DB92420A3297700EB4204 /* Project object */;
			proxyType = 1;
			remoteGlobalIDString = 3D3DB92B20A3297700EB4204;
			remoteInfo = FacebookLoginTest;
		};
/* End PBXContainerItemProxy section */

/* Begin PBXFileReference section */
		3D3DB92C20A3297700EB4204 /* FacebookLoginTest.app */ = {isa = PBXFileReference; explicitFileType = wrapper.application; includeInIndex = 0; path = FacebookLoginTest.app; sourceTree = BUILT_PRODUCTS_DIR; };
		3D3DB92F20A3297700EB4204 /* AppDelegate.h */ = {isa = PBXFileReference; lastKnownFileType = sourcecode.c.h; path = AppDelegate.h; sourceTree = "<group>"; };
		3D3DB93020A3297700EB4204 /* AppDelegate.m */ = {isa = PBXFileReference; lastKnownFileType = sourcecode.c.objc; path = AppDelegate.m; sourceTree = "<group>"; };
		3D3DB93220A3297700EB4204 /* ViewController.h */ = {isa = PBXFileReference; lastKnownFileType = sourcecode.c.h; path = ViewController.h; sourceTree = "<group>"; };
		3D3DB93320A3297700EB4204 /* ViewController.m */ = {isa = PBXFileReference; lastKnownFileType = sourcecode.c.objc; path = ViewController.m; sourceTree = "<group>"; };
		3D3DB93620A3297700EB4204 /* Base */ = {isa = PBXFileReference; lastKnownFileType = file.storyboard; name = Base; path = Base.lproj/Main.storyboard; sourceTree = "<group>"; };
		3D3DB93920A3297700EB4204 /* FacebookLoginTest.xcdatamodel */ = {isa = PBXFileReference; lastKnownFileType = wrapper.xcdatamodel; path = FacebookLoginTest.xcdatamodel; sourceTree = "<group>"; };
		3D3DB93B20A3297A00EB4204 /* Assets.xcassets */ = {isa = PBXFileReference; lastKnownFileType = folder.assetcatalog; path = Assets.xcassets; sourceTree = "<group>"; };
		3D3DB93E20A3297A00EB4204 /* Base */ = {isa = PBXFileReference; lastKnownFileType = file.storyboard; name = Base; path = Base.lproj/LaunchScreen.storyboard; sourceTree = "<group>"; };
		3D3DB94020A3297A00EB4204 /* Info.plist */ = {isa = PBXFileReference; lastKnownFileType = text.plist.xml; path = Info.plist; sourceTree = "<group>"; };
		3D3DB94120A3297A00EB4204 /* main.m */ = {isa = PBXFileReference; lastKnownFileType = sourcecode.c.objc; path = main.m; sourceTree = "<group>"; };
		3D3DB94720A3297A00EB4204 /* FacebookLoginTestTests.xctest */ = {isa = PBXFileReference; explicitFileType = wrapper.cfbundle; includeInIndex = 0; path = FacebookLoginTestTests.xctest; sourceTree = BUILT_PRODUCTS_DIR; };
		3D3DB94B20A3297A00EB4204 /* FacebookLoginTestTests.m */ = {isa = PBXFileReference; lastKnownFileType = sourcecode.c.objc; path = FacebookLoginTestTests.m; sourceTree = "<group>"; };
		3D3DB94D20A3297A00EB4204 /* Info.plist */ = {isa = PBXFileReference; lastKnownFileType = text.plist.xml; path = Info.plist; sourceTree = "<group>"; };
		3D3DB95220A3297A00EB4204 /* FacebookLoginTestUITests.xctest */ = {isa = PBXFileReference; explicitFileType = wrapper.cfbundle; includeInIndex = 0; path = FacebookLoginTestUITests.xctest; sourceTree = BUILT_PRODUCTS_DIR; };
		3D3DB95620A3297A00EB4204 /* FacebookLoginTestUITests.m */ = {isa = PBXFileReference; lastKnownFileType = sourcecode.c.objc; path = FacebookLoginTestUITests.m; sourceTree = "<group>"; };
		3D3DB95820A3297A00EB4204 /* Info.plist */ = {isa = PBXFileReference; lastKnownFileType = text.plist.xml; path = Info.plist; sourceTree = "<group>"; };
/* End PBXFileReference section */

/* Begin PBXFrameworksBuildPhase section */
		3D3DB92920A3297700EB4204 /* Frameworks */ = {
			isa = PBXFrameworksBuildPhase;
			buildActionMask = 2147483647;
			files = (
			);
			runOnlyForDeploymentPostprocessing = 0;
		};
		3D3DB94420A3297A00EB4204 /* Frameworks */ = {
			isa = PBXFrameworksBuildPhase;
			buildActionMask = 2147483647;
			files = (
			);
			runOnlyForDeploymentPostprocessing = 0;
		};
		3D3DB94F20A3297A00EB4204 /* Frameworks */ = {
			isa = PBXFrameworksBuildPhase;
			buildActionMask = 2147483647;
			files = (
			);
			runOnlyForDeploymentPostprocessing = 0;
		};
/* End PBXFrameworksBuildPhase section */

/* Begin PBXGroup section */
		3D3DB92320A3297700EB4204 = {
			isa = PBXGroup;
			children = (
				3D3DB92E20A3297700EB4204 /* FacebookLoginTest */,
				3D3DB94A20A3297A00EB4204 /* FacebookLoginTestTests */,
				3D3DB95520A3297A00EB4204 /* FacebookLoginTestUITests */,
				3D3DB92D20A3297700EB4204 /* Products */,
			);
			sourceTree = "<group>";
		};
		3D3DB92D20A3297700EB4204 /* Products */ = {
			isa = PBXGroup;
			children = (
				3D3DB92C20A3297700EB4204 /* FacebookLoginTest.app */,
				3D3DB94720A3297A00EB4204 /* FacebookLoginTestTests.xctest */,
				3D3DB95220A3297A00EB4204 /* FacebookLoginTestUITests.xctest */,
			);
			name = Products;
			sourceTree = "<group>";
		};
		3D3DB92E20A3297700EB4204 /* FacebookLoginTest */ = {
			isa = PBXGroup;
			children = (
				3D3DB92F20A3297700EB4204 /* AppDelegate.h */,
				3D3DB93020A3297700EB4204 /* AppDelegate.m */,
				3D3DB93220A3297700EB4204 /* ViewController.h */,
				3D3DB93320A3297700EB4204 /* ViewController.m */,
				3D3DB93520A3297700EB4204 /* Main.storyboard */,
				3D3DB93B20A3297A00EB4204 /* Assets.xcassets */,
				3D3DB93D20A3297A00EB4204 /* LaunchScreen.storyboard */,
				3D3DB94020A3297A00EB4204 /* Info.plist */,
				3D3DB94120A3297A00EB4204 /* main.m */,
				3D3DB93820A3297700EB4204 /* FacebookLoginTest.xcdatamodeld */,
			);
			path = FacebookLoginTest;
			sourceTree = "<group>";
		};
		3D3DB94A20A3297A00EB4204 /* FacebookLoginTestTests */ = {
			isa = PBXGroup;
			children = (
				3D3DB94B20A3297A00EB4204 /* FacebookLoginTestTests.m */,
				3D3DB94D20A3297A00EB4204 /* Info.plist */,
			);
			path = FacebookLoginTestTests;
			sourceTree = "<group>";
		};
		3D3DB95520A3297A00EB4204 /* FacebookLoginTestUITests */ = {
			isa = PBXGroup;
			children = (
				3D3DB95620A3297A00EB4204 /* FacebookLoginTestUITests.m */,
				3D3DB95820A3297A00EB4204 /* Info.plist */,
			);
			path = FacebookLoginTestUITests;
			sourceTree = "<group>";
		};
/* End PBXGroup section */

/* Begin PBXNativeTarget section */
		3D3DB92B20A3297700EB4204 /* FacebookLoginTest */ = {
			isa = PBXNativeTarget;
			buildConfigurationList = 3D3DB95B20A3297A00EB4204 /* Build configuration list for PBXNativeTarget "FacebookLoginTest" */;
			buildPhases = (
				3D3DB92820A3297700EB4204 /* Sources */,
				3D3DB92920A3297700EB4204 /* Frameworks */,
				3D3DB92A20A3297700EB4204 /* Resources */,
			);
			buildRules = (
			);
			dependencies = (
			);
			name = FacebookLoginTest;
			productName = FacebookLoginTest;
			productReference = 3D3DB92C20A3297700EB4204 /* FacebookLoginTest.app */;
			productType = "com.apple.product-type.application";
		};
		3D3DB94620A3297A00EB4204 /* FacebookLoginTestTests */ = {
			isa = PBXNativeTarget;
			buildConfigurationList = 3D3DB95E20A3297A00EB4204 /* Build configuration list for PBXNativeTarget "FacebookLoginTestTests" */;
			buildPhases = (
				3D3DB94320A3297A00EB4204 /* Sources */,
				3D3DB94420A3297A00EB4204 /* Frameworks */,
				3D3DB94520A3297A00EB4204 /* Resources */,
			);
			buildRules = (
			);
			dependencies = (
				3D3DB94920A3297A00EB4204 /* PBXTargetDependency */,
			);
			name = FacebookLoginTestTests;
			productName = FacebookLoginTestTests;
			productReference = 3D3DB94720A3297A00EB4204 /* FacebookLoginTestTests.xctest */;
			productType = "com.apple.product-type.bundle.unit-test";
		};
		3D3DB95120A3297A00EB4204 /* FacebookLoginTestUITests */ = {
			isa = PBXNativeTarget;
			buildConfigurationList = 3D3DB96120A3297A00EB4204 /* Build configuration list for PBXNativeTarget "FacebookLoginTestUITests" */;
			buildPhases = (
				3D3DB94E20A3297A00EB4204 /* Sources */,
				3D3DB94F20A3297A00EB4204 /* Frameworks */,
				3D3DB95020A3297A00EB4204 /* Resources */,
			);
			buildRules = (
			);
			dependencies = (
				3D3DB95420A3297A00EB4204 /* PBXTargetDependency */,
			);
			name = FacebookLoginTestUITests;
			productName = FacebookLoginTestUITests;
			productReference = 3D3DB95220A3297A00EB4204 /* FacebookLoginTestUITests.xctest */;
			productType = "com.apple.product-type.bundle.ui-testing";
		};
/* End PBXNativeTarget section */

/* Begin PBXProject section */
		3D3DB92420A3297700EB4204 /* Project object */ = {
			isa = PBXProject;
			attributes = {
				LastUpgradeCheck = 0930;
				ORGANIZATIONNAME = "Prathma Rastogi";
				TargetAttributes = {
					3D3DB92B20A3297700EB4204 = {
						CreatedOnToolsVersion = 9.3;
					};
					3D3DB94620A3297A00EB4204 = {
						CreatedOnToolsVersion = 9.3;
						TestTargetID = 3D3DB92B20A3297700EB4204;
					};
					3D3DB95120A3297A00EB4204 = {
						CreatedOnToolsVersion = 9.3;
						TestTargetID = 3D3DB92B20A3297700EB4204;
					};
				};
			};
			buildConfigurationList = 3D3DB92720A3297700EB4204 /* Build configuration list for PBXProject "FacebookLoginTest" */;
			compatibilityVersion = "Xcode 9.3";
			developmentRegion = en;
			hasScannedForEncodings = 0;
			knownRegions = (
				en,
				Base,
			);
			mainGroup = 3D3DB92320A3297700EB4204;
			productRefGroup = 3D3DB92D20A3297700EB4204 /* Products */;
			projectDirPath = "";
			projectRoot = "";
			targets = (
				3D3DB92B20A3297700EB4204 /* FacebookLoginTest */,
				3D3DB94620A3297A00EB4204 /* FacebookLoginTestTests */,
				3D3DB95120A3297A00EB4204 /* FacebookLoginTestUITests */,
			);
		};
/* End PBXProject section */

/* Begin PBXResourcesBuildPhase section */
		3D3DB92A20A3297700EB4204 /* Resources */ = {
			isa = PBXResourcesBuildPhase;
			buildActionMask = 2147483647;
			files = (
				3D3DB93F20A3297A00EB4204 /* LaunchScreen.storyboard in Resources */,
				3D3DB93C20A3297A00EB4204 /* Assets.xcassets in Resources */,
				3D3DB93720A3297700EB4204 /* Main.storyboard in Resources */,
			);
			runOnlyForDeploymentPostprocessing = 0;
		};
		3D3DB94520A3297A00EB4204 /* Resources */ = {
			isa = PBXResourcesBuildPhase;
			buildActionMask = 2147483647;
			files = (
			);
			runOnlyForDeploymentPostprocessing = 0;
		};
		3D3DB95020A3297A00EB4204 /* Resources */ = {
			isa = PBXResourcesBuildPhase;
			buildActionMask = 2147483647;
			files = (
			);
			runOnlyForDeploymentPostprocessing = 0;
		};
/* End PBXResourcesBuildPhase section */

/* Begin PBXSourcesBuildPhase section */
		3D3DB92820A3297700EB4204 /* Sources */ = {
			isa = PBXSourcesBuildPhase;
			buildActionMask = 2147483647;
			files = (
				3D3DB93420A3297700EB4204 /* ViewController.m in Sources */,
				3D3DB93120A3297700EB4204 /* AppDelegate.m in Sources */,
				3D3DB94220A3297A00EB4204 /* main.m in Sources */,
				3D3DB93A20A3297700EB4204 /* FacebookLoginTest.xcdatamodeld in Sources */,
			);
			runOnlyForDeploymentPostprocessing = 0;
		};
		3D3DB94320A3297A00EB4204 /* Sources */ = {
			isa = PBXSourcesBuildPhase;
			buildActionMask = 2147483647;
			files = (
				3D3DB94C20A3297A00EB4204 /* FacebookLoginTestTests.m in Sources */,
			);
			runOnlyForDeploymentPostprocessing = 0;
		};
		3D3DB94E20A3297A00EB4204 /* Sources */ = {
			isa = PBXSourcesBuildPhase;
			buildActionMask = 2147483647;
			files = (
				3D3DB95720A3297A00EB4204 /* FacebookLoginTestUITests.m in Sources */,
			);
			runOnlyForDeploymentPostprocessing = 0;
		};
/* End PBXSourcesBuildPhase section */

/* Begin PBXTargetDependency section */
		3D3DB94920A3297A00EB4204 /* PBXTargetDependency */ = {
			isa = PBXTargetDependency;
			target = 3D3DB92B20A3297700EB4204 /* FacebookLoginTest */;
			targetProxy = 3D3DB94820A3297A00EB4204 /* PBXContainerItemProxy */;
		};
		3D3DB95420A3297A00EB4204 /* PBXTargetDependency */ = {
			isa = PBXTargetDependency;
			target = 3D3DB92B20A3297700EB4204 /* FacebookLoginTest */;
			targetProxy = 3D3DB95320A3297A00EB4204 /* PBXContainerItemProxy */;
		};
/* End PBXTargetDependency section */

/* Begin PBXVariantGroup section */
		3D3DB93520A3297700EB4204 /* Main.storyboard */ = {
			isa = PBXVariantGroup;
			children = (
				3D3DB93620A3297700EB4204 /* Base */,
			);
			name = Main.storyboard;
			sourceTree = "<group>";
		};
		3D3DB93D20A3297A00EB4204 /* LaunchScreen.storyboard */ = {
			isa = PBXVariantGroup;
			children = (
				3D3DB93E20A3297A00EB4204 /* Base */,
			);
			name = LaunchScreen.storyboard;
			sourceTree = "<group>";
		};
/* End PBXVariantGroup section */

/* Begin XCBuildConfiguration section */
		3D3DB95920A3297A00EB4204 /* Debug */ = {
			isa = XCBuildConfiguration;
			buildSettings = {
				ALWAYS_SEARCH_USER_PATHS = NO;
				CLANG_ANALYZER_NONNULL = YES;
				CLANG_ANALYZER_NUMBER_OBJECT_CONVERSION = YES_AGGRESSIVE;
				CLANG_CXX_LANGUAGE_STANDARD = "gnu++14";
				CLANG_CXX_LIBRARY = "libc++";
				CLANG_ENABLE_MODULES = YES;
				CLANG_ENABLE_OBJC_ARC = YES;
				CLANG_ENABLE_OBJC_WEAK = YES;
				CLANG_WARN_BLOCK_CAPTURE_AUTORELEASING = YES;
				CLANG_WARN_BOOL_CONVERSION = YES;
				CLANG_WARN_COMMA = YES;
				CLANG_WARN_CONSTANT_CONVERSION = YES;
				CLANG_WARN_DEPRECATED_OBJC_IMPLEMENTATIONS = YES;
				CLANG_WARN_DIRECT_OBJC_ISA_USAGE = YES_ERROR;
				CLANG_WARN_DOCUMENTATION_COMMENTS = YES;
				CLANG_WARN_EMPTY_BODY = YES;
				CLANG_WARN_ENUM_CONVERSION = YES;
				CLANG_WARN_INFINITE_RECURSION = YES;
				CLANG_WARN_INT_CONVERSION = YES;
				CLANG_WARN_NON_LITERAL_NULL_CONVERSION = YES;
				CLANG_WARN_OBJC_IMPLICIT_RETAIN_SELF = YES;
				CLANG_WARN_OBJC_LITERAL_CONVERSION = YES;
				CLANG_WARN_OBJC_ROOT_CLASS = YES_ERROR;
				CLANG_WARN_RANGE_LOOP_ANALYSIS = YES;
				CLANG_WARN_STRICT_PROTOTYPES = YES;
				CLANG_WARN_SUSPICIOUS_MOVE = YES;
				CLANG_WARN_UNGUARDED_AVAILABILITY = YES_AGGRESSIVE;
				CLANG_WARN_UNREACHABLE_CODE = YES;
				CLANG_WARN__DUPLICATE_METHOD_MATCH = YES;
				CODE_SIGN_IDENTITY = "iPhone Developer";
				COPY_PHASE_STRIP = NO;
				DEBUG_INFORMATION_FORMAT = dwarf;
				ENABLE_STRICT_OBJC_MSGSEND = YES;
				ENABLE_TESTABILITY = YES;
				GCC_C_LANGUAGE_STANDARD = gnu11;
				GCC_DYNAMIC_NO_PIC = NO;
				GCC_NO_COMMON_BLOCKS = YES;
				GCC_OPTIMIZATION_LEVEL = 0;
				GCC_PREPROCESSOR_DEFINITIONS = (
					"DEBUG=1",
					"$(inherited)",
				);
				GCC_WARN_64_TO_32_BIT_CONVERSION = YES;
				GCC_WARN_ABOUT_RETURN_TYPE = YES_ERROR;
				GCC_WARN_UNDECLARED_SELECTOR = YES;
				GCC_WARN_UNINITIALIZED_AUTOS = YES_AGGRESSIVE;
				GCC_WARN_UNUSED_FUNCTION = YES;
				GCC_WARN_UNUSED_VARIABLE = YES;
				IPHONEOS_DEPLOYMENT_TARGET = 11.3;
				MTL_ENABLE_DEBUG_INFO = YES;
				ONLY_ACTIVE_ARCH = YES;
				SDKROOT = iphoneos;
			};
			name = Debug;
		};
		3D3DB95A20A3297A00EB4204 /* Release */ = {
			isa = XCBuildConfiguration;
			buildSettings = {
				ALWAYS_SEARCH_USER_PATHS = NO;
				CLANG_ANALYZER_NONNULL = YES;
				CLANG_ANALYZER_NUMBER_OBJECT_CONVERSION = YES_AGGRESSIVE;
				CLANG_CXX_LANGUAGE_STANDARD = "gnu++14";
				CLANG_CXX_LIBRARY = "libc++";
				CLANG_ENABLE_MODULES = YES;
				CLANG_ENABLE_OBJC_ARC = YES;
				CLANG_ENABLE_OBJC_WEAK = YES;
				CLANG_WARN_BLOCK_CAPTURE_AUTORELEASING = YES;
				CLANG_WARN_BOOL_CONVERSION = YES;
				CLANG_WARN_COMMA = YES;
				CLANG_WARN_CONSTANT_CONVERSION = YES;
				CLANG_WARN_DEPRECATED_OBJC_IMPLEMENTATIONS = YES;
				CLANG_WARN_DIRECT_OBJC_ISA_USAGE = YES_ERROR;
				CLANG_WARN_DOCUMENTATION_COMMENTS = YES;
				CLANG_WARN_EMPTY_BODY = YES;
				CLANG_WARN_ENUM_CONVERSION = YES;
				CLANG_WARN_INFINITE_RECURSION = YES;
				CLANG_WARN_INT_CONVERSION = YES;
				CLANG_WARN_NON_LITERAL_NULL_CONVERSION = YES;
				CLANG_WARN_OBJC_IMPLICIT_RETAIN_SELF = YES;
				CLANG_WARN_OBJC_LITERAL_CONVERSION = YES;
				CLANG_WARN_OBJC_ROOT_CLASS = YES_ERROR;
				CLANG_WARN_RANGE_LOOP_ANALYSIS = YES;
				CLANG_WARN_STRICT_PROTOTYPES = YES;
				CLANG_WARN_SUSPICIOUS_MOVE = YES;
				CLANG_WARN_UNGUARDED_AVAILABILITY = YES_AGGRESSIVE;
				CLANG_WARN_UNREACHABLE_CODE = YES;
				CLANG_WARN__DUPLICATE_METHOD_MATCH = YES;
				CODE_SIGN_IDENTITY = "iPhone Developer";
				COPY_PHASE_STRIP = NO;
				DEBUG_INFORMATION_FORMAT = "dwarf-with-dsym";
				ENABLE_NS_ASSERTIONS = NO;
				ENABLE_STRICT_OBJC_MSGSEND = YES;
				GCC_C_LANGUAGE_STANDARD = gnu11;
				GCC_NO_COMMON_BLOCKS = YES;
				GCC_WARN_64_TO_32_BIT_CONVERSION = YES;
				GCC_WARN_ABOUT_RETURN_TYPE = YES_ERROR;
				GCC_WARN_UNDECLARED_SELECTOR = YES;
				GCC_WARN_UNINITIALIZED_AUTOS = YES_AGGRESSIVE;
				GCC_WARN_UNUSED_FUNCTION = YES;
				GCC_WARN_UNUSED_VARIABLE = YES;
				IPHONEOS_DEPLOYMENT_TARGET = 11.3;
				MTL_ENABLE_DEBUG_INFO = NO;
				SDKROOT = iphoneos;
				VALIDATE_PRODUCT = YES;
			};
			name = Release;
		};
		3D3DB95C20A3297A00EB4204 /* Debug */ = {
			isa = XCBuildConfiguration;
			buildSettings = {
				ASSETCATALOG_COMPILER_APPICON_NAME = AppIcon;
				CODE_SIGN_STYLE = Automatic;
				DEVELOPMENT_TEAM = VW6E224QY5;
				INFOPLIST_FILE = FacebookLoginTest/Info.plist;
				LD_RUNPATH_SEARCH_PATHS = (
					"$(inherited)",
					"@executable_path/Frameworks",
				);
				PRODUCT_BUNDLE_IDENTIFIER = facebookLoginTest.FacebookLoginTest;
				PRODUCT_NAME = "$(TARGET_NAME)";
				TARGETED_DEVICE_FAMILY = "1,2";
			};
			name = Debug;
		};
		3D3DB95D20A3297A00EB4204 /* Release */ = {
			isa = XCBuildConfiguration;
			buildSettings = {
				ASSETCATALOG_COMPILER_APPICON_NAME = AppIcon;
				CODE_SIGN_STYLE = Automatic;
				DEVELOPMENT_TEAM = VW6E224QY5;
				INFOPLIST_FILE = FacebookLoginTest/Info.plist;
				LD_RUNPATH_SEARCH_PATHS = (
					"$(inherited)",
					"@executable_path/Frameworks",
				);
				PRODUCT_BUNDLE_IDENTIFIER = facebookLoginTest.FacebookLoginTest;
				PRODUCT_NAME = "$(TARGET_NAME)";
				TARGETED_DEVICE_FAMILY = "1,2";
			};
			name = Release;
		};
		3D3DB95F20A3297A00EB4204 /* Debug */ = {
			isa = XCBuildConfiguration;
			buildSettings = {
				BUNDLE_LOADER = "$(TEST_HOST)";
				CODE_SIGN_STYLE = Automatic;
				DEVELOPMENT_TEAM = VW6E224QY5;
				INFOPLIST_FILE = FacebookLoginTestTests/Info.plist;
				LD_RUNPATH_SEARCH_PATHS = (
					"$(inherited)",
					"@executable_path/Frameworks",
					"@loader_path/Frameworks",
				);
				PRODUCT_BUNDLE_IDENTIFIER = facebookLoginTest.FacebookLoginTestTests;
				PRODUCT_NAME = "$(TARGET_NAME)";
				TARGETED_DEVICE_FAMILY = "1,2";
				TEST_HOST = "$(BUILT_PRODUCTS_DIR)/FacebookLoginTest.app/FacebookLoginTest";
			};
			name = Debug;
		};
		3D3DB96020A3297A00EB4204 /* Release */ = {
			isa = XCBuildConfiguration;
			buildSettings = {
				BUNDLE_LOADER = "$(TEST_HOST)";
				CODE_SIGN_STYLE = Automatic;
				DEVELOPMENT_TEAM = VW6E224QY5;
				INFOPLIST_FILE = FacebookLoginTestTests/Info.plist;
				LD_RUNPATH_SEARCH_PATHS = (
					"$(inherited)",
					"@executable_path/Frameworks",
					"@loader_path/Frameworks",
				);
				PRODUCT_BUNDLE_IDENTIFIER = facebookLoginTest.FacebookLoginTestTests;
				PRODUCT_NAME = "$(TARGET_NAME)";
				TARGETED_DEVICE_FAMILY = "1,2";
				TEST_HOST = "$(BUILT_PRODUCTS_DIR)/FacebookLoginTest.app/FacebookLoginTest";
			};
			name = Release;
		};
		3D3DB96220A3297A00EB4204 /* Debug */ = {
			isa = XCBuildConfiguration;
			buildSettings = {
				CODE_SIGN_STYLE = Automatic;
				DEVELOPMENT_TEAM = VW6E224QY5;
				INFOPLIST_FILE = FacebookLoginTestUITests/Info.plist;
				LD_RUNPATH_SEARCH_PATHS = (
					"$(inherited)",
					"@executable_path/Frameworks",
					"@loader_path/Frameworks",
				);
				PRODUCT_BUNDLE_IDENTIFIER = facebookLoginTest.FacebookLoginTestUITests;
				PRODUCT_NAME = "$(TARGET_NAME)";
				TARGETED_DEVICE_FAMILY = "1,2";
				TEST_TARGET_NAME = FacebookLoginTest;
			};
			name = Debug;
		};
		3D3DB96320A3297A00EB4204 /* Release */ = {
			isa = XCBuildConfiguration;
			buildSettings = {
				CODE_SIGN_STYLE = Automatic;
				DEVELOPMENT_TEAM = VW6E224QY5;
				INFOPLIST_FILE = FacebookLoginTestUITests/Info.plist;
				LD_RUNPATH_SEARCH_PATHS = (
					"$(inherited)",
					"@executable_path/Frameworks",
					"@loader_path/Frameworks",
				);
				PRODUCT_BUNDLE_IDENTIFIER = facebookLoginTest.FacebookLoginTestUITests;
				PRODUCT_NAME = "$(TARGET_NAME)";
				TARGETED_DEVICE_FAMILY = "1,2";
				TEST_TARGET_NAME = FacebookLoginTest;
			};
			name = Release;
		};
/* End XCBuildConfiguration section */

/* Begin XCConfigurationList section */
		3D3DB92720A3297700EB4204 /* Build configuration list for PBXProject "FacebookLoginTest" */ = {
			isa = XCConfigurationList;
			buildConfigurations = (
				3D3DB95920A3297A00EB4204 /* Debug */,
				3D3DB95A20A3297A00EB4204 /* Release */,
			);
			defaultConfigurationIsVisible = 0;
			defaultConfigurationName = Release;
		};
		3D3DB95B20A3297A00EB4204 /* Build configuration list for PBXNativeTarget "FacebookLoginTest" */ = {
			isa = XCConfigurationList;
			buildConfigurations = (
				3D3DB95C20A3297A00EB4204 /* Debug */,
				3D3DB95D20A3297A00EB4204 /* Release */,
			);
			defaultConfigurationIsVisible = 0;
			defaultConfigurationName = Release;
		};
		3D3DB95E20A3297A00EB4204 /* Build configuration list for PBXNativeTarget "FacebookLoginTestTests" */ = {
			isa = XCConfigurationList;
			buildConfigurations = (
				3D3DB95F20A3297A00EB4204 /* Debug */,
				3D3DB96020A3297A00EB4204 /* Release */,
			);
			defaultConfigurationIsVisible = 0;
			defaultConfigurationName = Release;
		};
		3D3DB96120A3297A00EB4204 /* Build configuration list for PBXNativeTarget "FacebookLoginTestUITests" */ = {
			isa = XCConfigurationList;
			buildConfigurations = (
				3D3DB96220A3297A00EB4204 /* Debug */,
				3D3DB96320A3297A00EB4204 /* Release */,
			);
			defaultConfigurationIsVisible = 0;
			defaultConfigurationName = Release;
		};
/* End XCConfigurationList section */

/* Begin XCVersionGroup section */
		3D3DB93820A3297700EB4204 /* FacebookLoginTest.xcdatamodeld */ = {
			isa = XCVersionGroup;
			children = (
				3D3DB93920A3297700EB4204 /* FacebookLoginTest.xcdatamodel */,
			);
			currentVersion = 3D3DB93920A3297700EB4204 /* FacebookLoginTest.xcdatamodel */;
			path = FacebookLoginTest.xcdatamodeld;
			sourceTree = "<group>";
			versionGroupType = wrapper.xcdatamodel;
		};
/* End XCVersionGroup section */
	};
	rootObject = 3D3DB92420A3297700EB4204 /* Project object */;
}
